{
    "name": "typescript-browserify",
    "version": "1.0.0",
    "lockfileVersion": 1,
    "requires": true,
    "dependencies": {
        "async": {
            "version": "0.9.0",
            "resolved": "https://registry.npmjs.org/async/-/async-0.9.0.tgz",
            "integrity": "sha1-rDYTsdqb7RtHUQu0ZRuJMeRxRsc="
        },
        "charset": {
            "version": "1.0.1",
            "resolved": "https://registry.npmjs.org/charset/-/charset-1.0.1.tgz",
            "integrity": "sha512-6dVyOOYjpfFcL1Y4qChrAoQLRHvj2ziyhcm0QJlhOcAhykL/k1kTUPbeo+87MNRTRdk2OIIsIXbuF3x2wi5EXg=="
        },
        "colors": {
            "version": "1.0.3",
            "resolved": "https://registry.npmjs.org/colors/-/colors-1.0.3.tgz",
            "integrity": "sha1-BDP0TYCWgP3rYO0mDxsMJi6CpAs="
        },
        "corser": {
            "version": "2.0.1",
            "resolved": "https://registry.npmjs.org/corser/-/corser-2.0.1.tgz",
            "integrity": "sha1-jtolLsqrWEDc2XXOuQ2TcMgZ/4c="
        },
        "debug": {
            "version": "3.2.6",
            "resolved": "https://registry.npmjs.org/debug/-/debug-3.2.6.tgz",
            "integrity": "sha512-mel+jf7nrtEl5Pn1Qx46zARXKDpBbvzezse7p7LqINmdoIk8PYP5SySaxEmYv6TZ0JyEKA1hsCId6DIhgITtWQ==",
            "requires": {
                "ms": "2.1.2"
            }
        },
        "ecstatic": {
            "version": "4.1.4",
            "resolved": "https://registry.npmjs.org/ecstatic/-/ecstatic-4.1.4.tgz",
            "integrity": "sha512-8E4ZLK4uRuB9pwywGpy/B9vcz4gCp6IY7u4cMbeCINr/fjb1v+0wf0Ae2XlfSnG8xZYnE4uaJBjFkYI0bqcIdw==",
            "requires": {
                "charset": "^1.0.1",
                "he": "^1.1.1",
                "mime": "^2.4.1",
                "minimist": "^1.1.0",
                "on-finished": "^2.3.0",
                "url-join": "^4.0.0"
            }
        },
        "ee-first": {
            "version": "1.1.1",
            "resolved": "https://registry.npmjs.org/ee-first/-/ee-first-1.1.1.tgz",
            "integrity": "sha1-WQxhFWsK4vTwJVcyoViyZrxWsh0="
        },
        "eventemitter3": {
            "version": "3.1.2",
            "resolved": "https://registry.npmjs.org/eventemitter3/-/eventemitter3-3.1.2.tgz",
            "integrity": "sha512-tvtQIeLVHjDkJYnzf2dgVMxfuSGJeM/7UCG17TT4EumTfNtF+0nebF/4zWOIkCreAbtNqhGEboB6BWrwqNaw4Q=="
        },
        "follow-redirects": {
            "version": "1.7.0",
            "resolved": "https://registry.npmjs.org/follow-redirects/-/follow-redirects-1.7.0.tgz",
            "integrity": "sha512-m/pZQy4Gj287eNy94nivy5wchN3Kp+Q5WgUPNy5lJSZ3sgkVKSYV/ZChMAQVIgx1SqfZ2zBZtPA2YlXIWxxJOQ==",
            "requires": {
                "debug": "3.2.6"
            }
        },
        "he": {
            "version": "1.2.0",
            "resolved": "https://registry.npmjs.org/he/-/he-1.2.0.tgz",
            "integrity": "sha512-F/1DnUGPopORZi0ni+CvrCgHQ5FyEAHRLSApuYWMmrbSwoN2Mn/7k+Gl38gJnR7yyDZk6WLXwiGod1JOWNDKGw=="
        },
        "http-proxy": {
            "version": "1.17.0",
            "resolved": "https://registry.npmjs.org/http-proxy/-/http-proxy-1.17.0.tgz",
            "integrity": "sha512-Taqn+3nNvYRfJ3bGvKfBSRwy1v6eePlm3oc/aWVxZp57DQr5Eq3xhKJi7Z4hZpS8PC3H4qI+Yly5EmFacGuA/g==",
            "requires": {
                "eventemitter3": "3.1.2",
                "follow-redirects": "1.7.0",
                "requires-port": "1.0.0"
            }
        },
        "http-server": {
            "version": "0.8.0",
            "resolved": "https://registry.npmjs.org/http-server/-/http-server-0.8.0.tgz",
            "integrity": "sha1-1LZxeB7Gv5+moxHNHfaDsLN7FJE=",
            "requires": {
                "colors": "1.0.3",
                "corser": "2.0.1",
                "ecstatic": "0.7.6",
                "http-proxy": "1.17.0",
                "opener": "1.4.3",
                "optimist": "0.6.1",
                "portfinder": "0.4.0",
                "union": "0.4.6"
            },
            "dependencies": {
                "ecstatic": {
                    "version": "0.7.6",
                    "resolved": "https://registry.npmjs.org/ecstatic/-/ecstatic-0.7.6.tgz",
                    "integrity": "sha1-y6KqvqRrjNl/AWCFlxO3DSjmoCI=",
                    "requires": {
                        "he": "0.5.0",
                        "mime": "1.6.0",
                        "minimist": "1.2.0",
                        "url-join": "0.0.1"
                    }
                },
                "he": {
                    "version": "0.5.0",
                    "resolved": "https://registry.npmjs.org/he/-/he-0.5.0.tgz",
                    "integrity": "sha1-LAX/rvkLaOhg8/0rVO9YCYknfuI="
                },
                "mime": {
                    "version": "1.6.0",
                    "resolved": "https://registry.npmjs.org/mime/-/mime-1.6.0.tgz",
                    "integrity": "sha512-x0Vn8spI+wuJ1O6S7gnbaQg8Pxh4NNHb7KSINmEWKiPE4RKOplvijn+NkmYmmRgP68mc70j2EbeTFRsrswaQeg=="
                },
                "url-join": {
                    "version": "0.0.1",
                    "resolved": "https://registry.npmjs.org/url-join/-/url-join-0.0.1.tgz",
                    "integrity": "sha1-HbSK1CLTQCRpqH99l73r/k+x48g="
                }
            }
        },
        "listen": {
            "version": "1.0.1",
            "resolved": "https://registry.npmjs.org/listen/-/listen-1.0.1.tgz",
            "integrity": "sha1-/u3j1ah0xTwihNPDWXpfxa/HTkM="
        },
        "mime": {
            "version": "2.4.6",
            "resolved": "https://registry.npmjs.org/mime/-/mime-2.4.6.tgz",
            "integrity": "sha512-RZKhC3EmpBchfTGBVb8fb+RL2cWyw/32lshnsETttkBAyAUXSGHxbEJWWRXc751DrIxG1q04b8QwMbAwkRPpUA=="
        },
        "minimist": {
            "version": "1.2.0",
            "resolved": "https://registry.npmjs.org/minimist/-/minimist-1.2.0.tgz",
            "integrity": "sha1-o1AIsg9BOD7sH7kU9M1d95omQoQ="
        },
        "mkdirp": {
            "version": "0.5.1",
            "resolved": "https://registry.npmjs.org/mkdirp/-/mkdirp-0.5.1.tgz",
            "integrity": "sha1-MAV0OOrGz3+MR2fzhkjWaX11yQM=",
            "requires": {
                "minimist": "0.0.8"
            },
            "dependencies": {
                "minimist": {
                    "version": "0.0.8",
                    "resolved": "https://registry.npmjs.org/minimist/-/minimist-0.0.8.tgz",
                    "integrity": "sha1-hX/Kv8M5fSYluCKCYuhqp6ARsF0="
                }
            }
        },
        "ms": {
            "version": "2.1.2",
            "resolved": "https://registry.npmjs.org/ms/-/ms-2.1.2.tgz",
            "integrity": "sha512-sGkPx+VjMtmA6MX27oA4FBFELFCZZ4S4XqeGOXCv68tT+jb3vk/RyaKWP0PTKyWtmLSM0b+adUTEvbs1PEaH2w=="
        },
        "on-finished": {
            "version": "2.3.0",
            "resolved": "https://registry.npmjs.org/on-finished/-/on-finished-2.3.0.tgz",
            "integrity": "sha1-IPEzZIGwg811M3mSoWlxqi2QaUc=",
            "requires": {
                "ee-first": "1.1.1"
            }
        },
        "opener": {
            "version": "1.4.3",
            "resolved": "https://registry.npmjs.org/opener/-/opener-1.4.3.tgz",
            "integrity": "sha1-XG2ixdflgx6P+jlklQ+NZnSskLg="
        },
        "optimist": {
            "version": "0.6.1",
            "resolved": "https://registry.npmjs.org/optimist/-/optimist-0.6.1.tgz",
            "integrity": "sha1-2j6nRob6IaGaERwybpDrFaAZZoY=",
            "requires": {
                "minimist": "0.0.10",
                "wordwrap": "0.0.3"
            },
            "dependencies": {
                "minimist": {
                    "version": "0.0.10",
                    "resolved": "https://registry.npmjs.org/minimist/-/minimist-0.0.10.tgz",
                    "integrity": "sha1-3j+YVD2/lggr5IrRoMfNqDYwHc8="
                }
            }
        },
        "portfinder": {
            "version": "0.4.0",
            "resolved": "https://registry.npmjs.org/portfinder/-/portfinder-0.4.0.tgz",
            "integrity": "sha1-o/+t/6/k+5jgYBqF7aJ8J86Eyh4=",
            "requires": {
                "async": "0.9.0",
                "mkdirp": "0.5.1"
            }
        },
        "qs": {
            "version": "2.3.3",
            "resolved": "https://registry.npmjs.org/qs/-/qs-2.3.3.tgz",
            "integrity": "sha1-6eha2+ddoLvkyOBHaghikPhjtAQ="
        },
        "requires-port": {
            "version": "1.0.0",
            "resolved": "https://registry.npmjs.org/requires-port/-/requires-port-1.0.0.tgz",
            "integrity": "sha1-kl0mAdOaxIXgkc8NpcbmlNw9yv8="
        },
        "typescript": {
            "version": "1.8.10",
            "resolved": "https://registry.npmjs.org/typescript/-/typescript-1.8.10.tgz",
            "integrity": "sha1-tHXW4N/wv1DyluXKbvn7tccyDx4=",
            "dev": true
        },
        "union": {
            "version": "0.4.6",
            "resolved": "https://registry.npmjs.org/union/-/union-0.4.6.tgz",
            "integrity": "sha1-GY+9rrolTniLDvy2MLwR8kopWeA=",
            "requires": {
                "qs": "2.3.3"
            }
        },
        "url-join": {
            "version": "4.0.1",
            "resolved": "https://registry.npmjs.org/url-join/-/url-join-4.0.1.tgz",
            "integrity": "sha512-jk1+QP6ZJqyOiuEI9AEWQfju/nB2Pw466kbA0LEZljHwKeMgd9WrAEgEGxjPDD2+TNbbb37rTyhEfrCXfuKXnA=="
        },
        "wordwrap": {
            "version": "0.0.3",
            "resolved": "https://registry.npmjs.org/wordwrap/-/wordwrap-0.0.3.tgz",
            "integrity": "sha1-o9XabNXAvAAI03I0u68b7WMFkQc="
        }
    }
}
